
Microsoft Visual Studio Solution File, Format Version 12.00
# Visual Studio Version 17
VisualStudioVersion = 17.11.35327.3
MinimumVisualStudioVersion = 10.0.40219.1
Project("{FAE04EC0-301F-11D3-BF4B-00C04F79EFBC}") = "Seminarska_OOP_1", "Seminarska_OOP_1\Seminarska_OOP_1.csproj", "{96F6D58A-26D4-447E-B5B0-28BD129295C9}"
EndProject
Project("{FAE04EC0-301F-11D3-BF4B-00C04F79EFBC}") = "LetalskiModel", "LetalskiModel\LetalskiModel.csproj", "{19F91792-AAF5-4259-AFF2-41BB3A89042F}"
EndProject
Global
	GlobalSection(SolutionConfigurationPlatforms) = preSolution
		Debug|Any CPU = Debug|Any CPU
		Release|Any CPU = Release|Any CPU
	EndGlobalSection
	GlobalSection(ProjectConfigurationPlatforms) = postSolution
		{96F6D58A-26D4-447E-B5B0-28BD129295C9}.Debug|Any CPU.ActiveCfg = Debug|Any CPU
		{96F6D58A-26D4-447E-B5B0-28BD129295C9}.Debug|Any CPU.Build.0 = Debug|Any CPU
		{96F6D58A-26D4-447E-B5B0-28BD129295C9}.Release|Any CPU.ActiveCfg = Release|Any CPU
		{96F6D58A-26D4-447E-B5B0-28BD129295C9}.Release|Any CPU.Build.0 = Release|Any CPU
		{19F91792-AAF5-4259-AFF2-41BB3A89042F}.Debug|Any CPU.ActiveCfg = Debug|Any CPU
		{19F91792-AAF5-4259-AFF2-41BB3A89042F}.Debug|Any CPU.Build.0 = Debug|Any CPU
		{19F91792-AAF5-4259-AFF2-41BB3A89042F}.Release|Any CPU.ActiveCfg = Release|Any CPU
		{19F91792-AAF5-4259-AFF2-41BB3A89042F}.Release|Any CPU.Build.0 = Release|Any CPU
	EndGlobalSection
	GlobalSection(SolutionProperties) = preSolution
		HideSolutionNode = FALSE
	EndGlobalSection
	GlobalSection(ExtensibilityGlobals) = postSolution
		SolutionGuid = {E9B3712E-492F-4E23-A2F6-7016115F067F}
	EndGlobalSection
EndGlobal
